
Microsoft Visual Studio Solution File, Format Version 12.00
# Visual Studio Version 16
VisualStudioVersion = 16.0.31702.278
MinimumVisualStudioVersion = 10.0.40219.1
Project("{FAE04EC0-301F-11D3-BF4B-00C04F79EFBC}") = "AppointmentManagementSystem", "AppoinmentManagementSystem\AppointmentManagementSystem.csproj", "{510D105B-5CE4-49D7-A83A-55D3D82ECEDB}"
EndProject
Global
	GlobalSection(SolutionConfigurationPlatforms) = preSolution
		Debug|Any CPU = Debug|Any CPU
		Release|Any CPU = Release|Any CPU
	EndGlobalSection
	GlobalSection(ProjectConfigurationPlatforms) = postSolution
		{510D105B-5CE4-49D7-A83A-55D3D82ECEDB}.Debug|Any CPU.ActiveCfg = Debug|Any CPU
		{510D105B-5CE4-49D7-A83A-55D3D82ECEDB}.Debug|Any CPU.Build.0 = Debug|Any CPU
		{510D105B-5CE4-49D7-A83A-55D3D82ECEDB}.Release|Any CPU.ActiveCfg = Release|Any CPU
		{510D105B-5CE4-49D7-A83A-55D3D82ECEDB}.Release|Any CPU.Build.0 = Release|Any CPU
	EndGlobalSection
	GlobalSection(SolutionProperties) = preSolution
		HideSolutionNode = FALSE
	EndGlobalSection
	GlobalSection(ExtensibilityGlobals) = postSolution
		SolutionGuid = {4972A332-1052-4318-B02E-DCAFC633CDD9}
	EndGlobalSection
EndGlobal
